// !$*UTF8*$!
{
	archiveVersion = 1;
	classes = {
	};
	objectVersion = 77;
	objects = {

/* Begin PBXContainerItemProxy section */
		83BFB29D2E28968D003E3CD1 /* PBXContainerItemProxy */ = {
			isa = PBXContainerItemProxy;
			containerPortal = 83BFB27E2E28968B003E3CD1 /* Project object */;
			proxyType = 1;
			remoteGlobalIDString = 83BFB2852E28968B003E3CD1;
			remoteInfo = WebViewPractices;
		};
		83BFB2A72E28968D003E3CD1 /* PBXContainerItemProxy */ = {
			isa = PBXContainerItemProxy;
			containerPortal = 83BFB27E2E28968B003E3CD1 /* Project object */;
			proxyType = 1;
			remoteGlobalIDString = 83BFB2852E28968B003E3CD1;
			remoteInfo = WebViewPractices;
		};
/* End PBXContainerItemProxy section */

/* Begin PBXFileReference section */
		83BFB2862E28968B003E3CD1 /* WebViewPractices.app */ = {isa = PBXFileReference; explicitFileType = wrapper.application; includeInIndex = 0; path = WebViewPractices.app; sourceTree = BUILT_PRODUCTS_DIR; };
		83BFB29C2E28968D003E3CD1 /* WebViewPracticesTests.xctest */ = {isa = PBXFileReference; explicitFileType = wrapper.cfbundle; includeInIndex = 0; path = WebViewPracticesTests.xctest; sourceTree = BUILT_PRODUCTS_DIR; };
		83BFB2A62E28968D003E3CD1 /* WebViewPracticesUITests.xctest */ = {isa = PBXFileReference; explicitFileType = wrapper.cfbundle; includeInIndex = 0; path = WebViewPracticesUITests.xctest; sourceTree = BUILT_PRODUCTS_DIR; };
/* End PBXFileReference section */

/* Begin PBXFileSystemSynchronizedBuildFileExceptionSet section */
		83BFB2AE2E28968D003E3CD1 /* Exceptions for "WebViewPractices" folder in "WebViewPractices" target */ = {
			isa = PBXFileSystemSynchronizedBuildFileExceptionSet;
			membershipExceptions = (
				Info.plist,
			);
			target = 83BFB2852E28968B003E3CD1 /* WebViewPractices */;
		};
/* End PBXFileSystemSynchronizedBuildFileExceptionSet section */

/* Begin PBXFileSystemSynchronizedRootGroup section */
		83BFB2882E28968B003E3CD1 /* WebViewPractices */ = {
			isa = PBXFileSystemSynchronizedRootGroup;
			exceptions = (
				83BFB2AE2E28968D003E3CD1 /* Exceptions for "WebViewPractices" folder in "WebViewPractices" target */,
			);
			path = WebViewPractices;
			sourceTree = "<group>";
		};
		83BFB29F2E28968D003E3CD1 /* WebViewPracticesTests */ = {
			isa = PBXFileSystemSynchronizedRootGroup;
			path = WebViewPracticesTests;
			sourceTree = "<group>";
		};
		83BFB2A92E28968D003E3CD1 /* WebViewPracticesUITests */ = {
			isa = PBXFileSystemSynchronizedRootGroup;
			path = WebViewPracticesUITests;
			sourceTree = "<group>";
		};
/* End PBXFileSystemSynchronizedRootGroup section */

/* Begin PBXFrameworksBuildPhase section */
		83BFB2832E28968B003E3CD1 /* Frameworks */ = {
			isa = PBXFrameworksBuildPhase;
			buildActionMask = 2147483647;
			files = (
			);
			runOnlyForDeploymentPostprocessing = 0;
		};
		83BFB2992E28968D003E3CD1 /* Frameworks */ = {
			isa = PBXFrameworksBuildPhase;
			buildActionMask = 2147483647;
			files = (
			);
			runOnlyForDeploymentPostprocessing = 0;
		};
		83BFB2A32E28968D003E3CD1 /* Frameworks */ = {
			isa = PBXFrameworksBuildPhase;
			buildActionMask = 2147483647;
			files = (
			);
			runOnlyForDeploymentPostprocessing = 0;
		};
/* End PBXFrameworksBuildPhase section */

/* Begin PBXGroup section */
		83BFB27D2E28968B003E3CD1 = {
			isa = PBXGroup;
			children = (
				83BFB2882E28968B003E3CD1 /* WebViewPractices */,
				83BFB29F2E28968D003E3CD1 /* WebViewPracticesTests */,
				83BFB2A92E28968D003E3CD1 /* WebViewPracticesUITests */,
				83BFB2872E28968B003E3CD1 /* Products */,
			);
			sourceTree = "<group>";
		};
		83BFB2872E28968B003E3CD1 /* Products */ = {
			isa = PBXGroup;
			children = (
				83BFB2862E28968B003E3CD1 /* WebViewPractices.app */,
				83BFB29C2E28968D003E3CD1 /* WebViewPracticesTests.xctest */,
				83BFB2A62E28968D003E3CD1 /* WebViewPracticesUITests.xctest */,
			);
			name = Products;
			sourceTree = "<group>";
		};
/* End PBXGroup section */

/* Begin PBXNativeTarget section */
		83BFB2852E28968B003E3CD1 /* WebViewPractices */ = {
			isa = PBXNativeTarget;
			buildConfigurationList = 83BFB2AF2E28968D003E3CD1 /* Build configuration list for PBXNativeTarget "WebViewPractices" */;
			buildPhases = (
				83BFB2822E28968B003E3CD1 /* Sources */,
				83BFB2832E28968B003E3CD1 /* Frameworks */,
				83BFB2842E28968B003E3CD1 /* Resources */,
			);
			buildRules = (
			);
			dependencies = (
			);
			fileSystemSynchronizedGroups = (
				83BFB2882E28968B003E3CD1 /* WebViewPractices */,
			);
			name = WebViewPractices;
			packageProductDependencies = (
			);
			productName = WebViewPractices;
			productReference = 83BFB2862E28968B003E3CD1 /* WebViewPractices.app */;
			productType = "com.apple.product-type.application";
		};
		83BFB29B2E28968D003E3CD1 /* WebViewPracticesTests */ = {
			isa = PBXNativeTarget;
			buildConfigurationList = 83BFB2B42E28968D003E3CD1 /* Build configuration list for PBXNativeTarget "WebViewPracticesTests" */;
			buildPhases = (
				83BFB2982E28968D003E3CD1 /* Sources */,
				83BFB2992E28968D003E3CD1 /* Frameworks */,
				83BFB29A2E28968D003E3CD1 /* Resources */,
			);
			buildRules = (
			);
			dependencies = (
				83BFB29E2E28968D003E3CD1 /* PBXTargetDependency */,
			);
			fileSystemSynchronizedGroups = (
				83BFB29F2E28968D003E3CD1 /* WebViewPracticesTests */,
			);
			name = WebViewPracticesTests;
			packageProductDependencies = (
			);
			productName = WebViewPracticesTests;
			productReference = 83BFB29C2E28968D003E3CD1 /* WebViewPracticesTests.xctest */;
			productType = "com.apple.product-type.bundle.unit-test";
		};
		83BFB2A52E28968D003E3CD1 /* WebViewPracticesUITests */ = {
			isa = PBXNativeTarget;
			buildConfigurationList = 83BFB2B72E28968D003E3CD1 /* Build configuration list for PBXNativeTarget "WebViewPracticesUITests" */;
			buildPhases = (
				83BFB2A22E28968D003E3CD1 /* Sources */,
				83BFB2A32E28968D003E3CD1 /* Frameworks */,
				83BFB2A42E28968D003E3CD1 /* Resources */,
			);
			buildRules = (
			);
			dependencies = (
				83BFB2A82E28968D003E3CD1 /* PBXTargetDependency */,
			);
			fileSystemSynchronizedGroups = (
				83BFB2A92E28968D003E3CD1 /* WebViewPracticesUITests */,
			);
			name = WebViewPracticesUITests;
			packageProductDependencies = (
			);
			productName = WebViewPracticesUITests;
			productReference = 83BFB2A62E28968D003E3CD1 /* WebViewPracticesUITests.xctest */;
			productType = "com.apple.product-type.bundle.ui-testing";
		};
/* End PBXNativeTarget section */

/* Begin PBXProject section */
		83BFB27E2E28968B003E3CD1 /* Project object */ = {
			isa = PBXProject;
			attributes = {
				BuildIndependentTargetsInParallel = 1;
				LastSwiftUpdateCheck = 1620;
				LastUpgradeCheck = 1620;
				TargetAttributes = {
					83BFB2852E28968B003E3CD1 = {
						CreatedOnToolsVersion = 16.2;
					};
					83BFB29B2E28968D003E3CD1 = {
						CreatedOnToolsVersion = 16.2;
						TestTargetID = 83BFB2852E28968B003E3CD1;
					};
					83BFB2A52E28968D003E3CD1 = {
						CreatedOnToolsVersion = 16.2;
						TestTargetID = 83BFB2852E28968B003E3CD1;
					};
				};
			};
			buildConfigurationList = 83BFB2812E28968B003E3CD1 /* Build configuration list for PBXProject "WebViewPractices" */;
			developmentRegion = en;
			hasScannedForEncodings = 0;
			knownRegions = (
				en,
				Base,
			);
			mainGroup = 83BFB27D2E28968B003E3CD1;
			minimizedProjectReferenceProxies = 1;
			preferredProjectObjectVersion = 77;
			productRefGroup = 83BFB2872E28968B003E3CD1 /* Products */;
			projectDirPath = "";
			projectRoot = "";
			targets = (
				83BFB2852E28968B003E3CD1 /* WebViewPractices */,
				83BFB29B2E28968D003E3CD1 /* WebViewPracticesTests */,
				83BFB2A52E28968D003E3CD1 /* WebViewPracticesUITests */,
			);
		};
/* End PBXProject section */

/* Begin PBXResourcesBuildPhase section */
		83BFB2842E28968B003E3CD1 /* Resources */ = {
			isa = PBXResourcesBuildPhase;
			buildActionMask = 2147483647;
			files = (
			);
			runOnlyForDeploymentPostprocessing = 0;
		};
		83BFB29A2E28968D003E3CD1 /* Resources */ = {
			isa = PBXResourcesBuildPhase;
			buildActionMask = 2147483647;
			files = (
			);
			runOnlyForDeploymentPostprocessing = 0;
		};
		83BFB2A42E28968D003E3CD1 /* Resources */ = {
			isa = PBXResourcesBuildPhase;
			buildActionMask = 2147483647;
			files = (
			);
			runOnlyForDeploymentPostprocessing = 0;
		};
/* End PBXResourcesBuildPhase section */

/* Begin PBXSourcesBuildPhase section */
		83BFB2822E28968B003E3CD1 /* Sources */ = {
			isa = PBXSourcesBuildPhase;
			buildActionMask = 2147483647;
			files = (
			);
			runOnlyForDeploymentPostprocessing = 0;
		};
		83BFB2982E28968D003E3CD1 /* Sources */ = {
			isa = PBXSourcesBuildPhase;
			buildActionMask = 2147483647;
			files = (
			);
			runOnlyForDeploymentPostprocessing = 0;
		};
		83BFB2A22E28968D003E3CD1 /* Sources */ = {
			isa = PBXSourcesBuildPhase;
			buildActionMask = 2147483647;
			files = (
			);
			runOnlyForDeploymentPostprocessing = 0;
		};
/* End PBXSourcesBuildPhase section */

/* Begin PBXTargetDependency section */
		83BFB29E2E28968D003E3CD1 /* PBXTargetDependency */ = {
			isa = PBXTargetDependency;
			target = 83BFB2852E28968B003E3CD1 /* WebViewPractices */;
			targetProxy = 83BFB29D2E28968D003E3CD1 /* PBXContainerItemProxy */;
		};
		83BFB2A82E28968D003E3CD1 /* PBXTargetDependency */ = {
			isa = PBXTargetDependency;
			target = 83BFB2852E28968B003E3CD1 /* WebViewPractices */;
			targetProxy = 83BFB2A72E28968D003E3CD1 /* PBXContainerItemProxy */;
		};
/* End PBXTargetDependency section */

/* Begin XCBuildConfiguration section */
		83BFB2B02E28968D003E3CD1 /* Debug */ = {
			isa = XCBuildConfiguration;
			buildSettings = {
				ASSETCATALOG_COMPILER_APPICON_NAME = AppIcon;
				ASSETCATALOG_COMPILER_GLOBAL_ACCENT_COLOR_NAME = AccentColor;
				CODE_SIGN_STYLE = Automatic;
				CURRENT_PROJECT_VERSION = 1;
				DEVELOPMENT_TEAM = 8J7X8FNBGH;
				GENERATE_INFOPLIST_FILE = YES;
				INFOPLIST_FILE = WebViewPractices/Info.plist;
				INFOPLIST_KEY_UIApplicationSupportsIndirectInputEvents = YES;
				INFOPLIST_KEY_UILaunchStoryboardName = LaunchScreen;
				INFOPLIST_KEY_UIMainStoryboardFile = Main;
				INFOPLIST_KEY_UISupportedInterfaceOrientations_iPad = "UIInterfaceOrientationPortrait UIInterfaceOrientationPortraitUpsideDown UIInterfaceOrientationLandscapeLeft UIInterfaceOrientationLandscapeRight";
				INFOPLIST_KEY_UISupportedInterfaceOrientations_iPhone = "UIInterfaceOrientationPortrait UIInterfaceOrientationLandscapeLeft UIInterfaceOrientationLandscapeRight";
				LD_RUNPATH_SEARCH_PATHS = (
					"$(inherited)",
					"@executable_path/Frameworks",
				);
				MARKETING_VERSION = 1.0;
				PRODUCT_BUNDLE_IDENTIFIER = kh.com.kosign.newapp.WebViewPractices;
				PRODUCT_NAME = "$(TARGET_NAME)";
				SWIFT_EMIT_LOC_STRINGS = YES;
				SWIFT_VERSION = 5.0;
				TARGETED_DEVICE_FAMILY = "1,2";
			};
			name = Debug;
		};
		83BFB2B12E28968D003E3CD1 /* Release */ = {
			isa = XCBuildConfiguration;
			buildSettings = {
				ASSETCATALOG_COMPILER_APPICON_NAME = AppIcon;
				ASSETCATALOG_COMPILER_GLOBAL_ACCENT_COLOR_NAME = AccentColor;
				CODE_SIGN_STYLE = Automatic;
				CURRENT_PROJECT_VERSION = 1;
				DEVELOPMENT_TEAM = 8J7X8FNBGH;
				GENERATE_INFOPLIST_FILE = YES;
				INFOPLIST_FILE = WebViewPractices/Info.plist;
				INFOPLIST_KEY_UIApplicationSupportsIndirectInputEvents = YES;
				INFOPLIST_KEY_UILaunchStoryboardName = LaunchScreen;
				INFOPLIST_KEY_UIMainStoryboardFile = Main;
				INFOPLIST_KEY_UISupportedInterfaceOrientations_iPad = "UIInterfaceOrientationPortrait UIInterfaceOrientationPortraitUpsideDown UIInterfaceOrientationLandscapeLeft UIInterfaceOrientationLandscapeRight";
				INFOPLIST_KEY_UISupportedInterfaceOrientations_iPhone = "UIInterfaceOrientationPortrait UIInterfaceOrientationLandscapeLeft UIInterfaceOrientationLandscapeRight";
				LD_RUNPATH_SEARCH_PATHS = (
					"$(inherited)",
					"@executable_path/Frameworks",
				);
				MARKETING_VERSION = 1.0;
				PRODUCT_BUNDLE_IDENTIFIER = kh.com.kosign.newapp.WebViewPractices;
				PRODUCT_NAME = "$(TARGET_NAME)";
				SWIFT_EMIT_LOC_STRINGS = YES;
				SWIFT_VERSION = 5.0;
				TARGETED_DEVICE_FAMILY = "1,2";
			};
			name = Release;
		};
		83BFB2B22E28968D003E3CD1 /* Debug */ = {
			isa = XCBuildConfiguration;
			buildSettings = {
				ALWAYS_SEARCH_USER_PATHS = NO;
				ASSETCATALOG_COMPILER_GENERATE_SWIFT_ASSET_SYMBOL_EXTENSIONS = YES;
				CLANG_ANALYZER_NONNULL = YES;
				CLANG_ANALYZER_NUMBER_OBJECT_CONVERSION = YES_AGGRESSIVE;
				CLANG_CXX_LANGUAGE_STANDARD = "gnu++20";
				CLANG_ENABLE_MODULES = YES;
				CLANG_ENABLE_OBJC_ARC = YES;
				CLANG_ENABLE_OBJC_WEAK = YES;
				CLANG_WARN_BLOCK_CAPTURE_AUTORELEASING = YES;
				CLANG_WARN_BOOL_CONVERSION = YES;
				CLANG_WARN_COMMA = YES;
				CLANG_WARN_CONSTANT_CONVERSION = YES;
				CLANG_WARN_DEPRECATED_OBJC_IMPLEMENTATIONS = YES;
				CLANG_WARN_DIRECT_OBJC_ISA_USAGE = YES_ERROR;
				CLANG_WARN_DOCUMENTATION_COMMENTS = YES;
				CLANG_WARN_EMPTY_BODY = YES;
				CLANG_WARN_ENUM_CONVERSION = YES;
				CLANG_WARN_INFINITE_RECURSION = YES;
				CLANG_WARN_INT_CONVERSION = YES;
				CLANG_WARN_NON_LITERAL_NULL_CONVERSION = YES;
				CLANG_WARN_OBJC_IMPLICIT_RETAIN_SELF = YES;
				CLANG_WARN_OBJC_LITERAL_CONVERSION = YES;
				CLANG_WARN_OBJC_ROOT_CLASS = YES_ERROR;
				CLANG_WARN_QUOTED_INCLUDE_IN_FRAMEWORK_HEADER = YES;
				CLANG_WARN_RANGE_LOOP_ANALYSIS = YES;
				CLANG_WARN_STRICT_PROTOTYPES = YES;
				CLANG_WARN_SUSPICIOUS_MOVE = YES;
				CLANG_WARN_UNGUARDED_AVAILABILITY = YES_AGGRESSIVE;
				CLANG_WARN_UNREACHABLE_CODE = YES;
				CLANG_WARN__DUPLICATE_METHOD_MATCH = YES;
				COPY_PHASE_STRIP = NO;
				DEBUG_INFORMATION_FORMAT = dwarf;
				ENABLE_STRICT_OBJC_MSGSEND = YES;
				ENABLE_TESTABILITY = YES;
				ENABLE_USER_SCRIPT_SANDBOXING = YES;
				GCC_C_LANGUAGE_STANDARD = gnu17;
				GCC_DYNAMIC_NO_PIC = NO;
				GCC_NO_COMMON_BLOCKS = YES;
				GCC_OPTIMIZATION_LEVEL = 0;
				GCC_PREPROCESSOR_DEFINITIONS = (
					"DEBUG=1",
					"$(inherited)",
				);
				GCC_WARN_64_TO_32_BIT_CONVERSION = YES;
				GCC_WARN_ABOUT_RETURN_TYPE = YES_ERROR;
				GCC_WARN_UNDECLARED_SELECTOR = YES;
				GCC_WARN_UNINITIALIZED_AUTOS = YES_AGGRESSIVE;
				GCC_WARN_UNUSED_FUNCTION = YES;
				GCC_WARN_UNUSED_VARIABLE = YES;
				IPHONEOS_DEPLOYMENT_TARGET = 18.2;
				LOCALIZATION_PREFERS_STRING_CATALOGS = YES;
				MTL_ENABLE_DEBUG_INFO = INCLUDE_SOURCE;
				MTL_FAST_MATH = YES;
				ONLY_ACTIVE_ARCH = YES;
				SDKROOT = iphoneos;
				SWIFT_ACTIVE_COMPILATION_CONDITIONS = "DEBUG $(inherited)";
				SWIFT_OPTIMIZATION_LEVEL = "-Onone";
			};
			name = Debug;
		};
		83BFB2B32E28968D003E3CD1 /* Release */ = {
			isa = XCBuildConfiguration;
			buildSettings = {
				ALWAYS_SEARCH_USER_PATHS = NO;
				ASSETCATALOG_COMPILER_GENERATE_SWIFT_ASSET_SYMBOL_EXTENSIONS = YES;
				CLANG_ANALYZER_NONNULL = YES;
				CLANG_ANALYZER_NUMBER_OBJECT_CONVERSION = YES_AGGRESSIVE;
				CLANG_CXX_LANGUAGE_STANDARD = "gnu++20";
				CLANG_ENABLE_MODULES = YES;
				CLANG_ENABLE_OBJC_ARC = YES;
				CLANG_ENABLE_OBJC_WEAK = YES;
				CLANG_WARN_BLOCK_CAPTURE_AUTORELEASING = YES;
				CLANG_WARN_BOOL_CONVERSION = YES;
				CLANG_WARN_COMMA = YES;
				CLANG_WARN_CONSTANT_CONVERSION = YES;
				CLANG_WARN_DEPRECATED_OBJC_IMPLEMENTATIONS = YES;
				CLANG_WARN_DIRECT_OBJC_ISA_USAGE = YES_ERROR;
				CLANG_WARN_DOCUMENTATION_COMMENTS = YES;
				CLANG_WARN_EMPTY_BODY = YES;
				CLANG_WARN_ENUM_CONVERSION = YES;
				CLANG_WARN_INFINITE_RECURSION = YES;
				CLANG_WARN_INT_CONVERSION = YES;
				CLANG_WARN_NON_LITERAL_NULL_CONVERSION = YES;
				CLANG_WARN_OBJC_IMPLICIT_RETAIN_SELF = YES;
				CLANG_WARN_OBJC_LITERAL_CONVERSION = YES;
				CLANG_WARN_OBJC_ROOT_CLASS = YES_ERROR;
				CLANG_WARN_QUOTED_INCLUDE_IN_FRAMEWORK_HEADER = YES;
				CLANG_WARN_RANGE_LOOP_ANALYSIS = YES;
				CLANG_WARN_STRICT_PROTOTYPES = YES;
				CLANG_WARN_SUSPICIOUS_MOVE = YES;
				CLANG_WARN_UNGUARDED_AVAILABILITY = YES_AGGRESSIVE;
				CLANG_WARN_UNREACHABLE_CODE = YES;
				CLANG_WARN__DUPLICATE_METHOD_MATCH = YES;
				COPY_PHASE_STRIP = NO;
				DEBUG_INFORMATION_FORMAT = "dwarf-with-dsym";
				ENABLE_NS_ASSERTIONS = NO;
				ENABLE_STRICT_OBJC_MSGSEND = YES;
				ENABLE_USER_SCRIPT_SANDBOXING = YES;
				GCC_C_LANGUAGE_STANDARD = gnu17;
				GCC_NO_COMMON_BLOCKS = YES;
				GCC_WARN_64_TO_32_BIT_CONVERSION = YES;
				GCC_WARN_ABOUT_RETURN_TYPE = YES_ERROR;
				GCC_WARN_UNDECLARED_SELECTOR = YES;
				GCC_WARN_UNINITIALIZED_AUTOS = YES_AGGRESSIVE;
				GCC_WARN_UNUSED_FUNCTION = YES;
				GCC_WARN_UNUSED_VARIABLE = YES;
				IPHONEOS_DEPLOYMENT_TARGET = 18.2;
				LOCALIZATION_PREFERS_STRING_CATALOGS = YES;
				MTL_ENABLE_DEBUG_INFO = NO;
				MTL_FAST_MATH = YES;
				SDKROOT = iphoneos;
				SWIFT_COMPILATION_MODE = wholemodule;
				VALIDATE_PRODUCT = YES;
			};
			name = Release;
		};
		83BFB2B52E28968D003E3CD1 /* Debug */ = {
			isa = XCBuildConfiguration;
			buildSettings = {
				BUNDLE_LOADER = "$(TEST_HOST)";
				CODE_SIGN_STYLE = Automatic;
				CURRENT_PROJECT_VERSION = 1;
				DEVELOPMENT_TEAM = 8J7X8FNBGH;
				GENERATE_INFOPLIST_FILE = YES;
				IPHONEOS_DEPLOYMENT_TARGET = 18.2;
				MARKETING_VERSION = 1.0;
				PRODUCT_BUNDLE_IDENTIFIER = kh.com.kosign.newapp.WebViewPracticesTests;
				PRODUCT_NAME = "$(TARGET_NAME)";
				SWIFT_EMIT_LOC_STRINGS = NO;
				SWIFT_VERSION = 5.0;
				TARGETED_DEVICE_FAMILY = "1,2";
				TEST_HOST = "$(BUILT_PRODUCTS_DIR)/WebViewPractices.app/$(BUNDLE_EXECUTABLE_FOLDER_PATH)/WebViewPractices";
			};
			name = Debug;
		};
		83BFB2B62E28968D003E3CD1 /* Release */ = {
			isa = XCBuildConfiguration;
			buildSettings = {
				BUNDLE_LOADER = "$(TEST_HOST)";
				CODE_SIGN_STYLE = Automatic;
				CURRENT_PROJECT_VERSION = 1;
				DEVELOPMENT_TEAM = 8J7X8FNBGH;
				GENERATE_INFOPLIST_FILE = YES;
				IPHONEOS_DEPLOYMENT_TARGET = 18.2;
				MARKETING_VERSION = 1.0;
				PRODUCT_BUNDLE_IDENTIFIER = kh.com.kosign.newapp.WebViewPracticesTests;
				PRODUCT_NAME = "$(TARGET_NAME)";
				SWIFT_EMIT_LOC_STRINGS = NO;
				SWIFT_VERSION = 5.0;
				TARGETED_DEVICE_FAMILY = "1,2";
				TEST_HOST = "$(BUILT_PRODUCTS_DIR)/WebViewPractices.app/$(BUNDLE_EXECUTABLE_FOLDER_PATH)/WebViewPractices";
			};
			name = Release;
		};
		83BFB2B82E28968D003E3CD1 /* Debug */ = {
			isa = XCBuildConfiguration;
			buildSettings = {
				CODE_SIGN_STYLE = Automatic;
				CURRENT_PROJECT_VERSION = 1;
				DEVELOPMENT_TEAM = 8J7X8FNBGH;
				GENERATE_INFOPLIST_FILE = YES;
				MARKETING_VERSION = 1.0;
				PRODUCT_BUNDLE_IDENTIFIER = kh.com.kosign.newapp.WebViewPracticesUITests;
				PRODUCT_NAME = "$(TARGET_NAME)";
				SWIFT_EMIT_LOC_STRINGS = NO;
				SWIFT_VERSION = 5.0;
				TARGETED_DEVICE_FAMILY = "1,2";
				TEST_TARGET_NAME = WebViewPractices;
			};
			name = Debug;
		};
		83BFB2B92E28968D003E3CD1 /* Release */ = {
			isa = XCBuildConfiguration;
			buildSettings = {
				CODE_SIGN_STYLE = Automatic;
				CURRENT_PROJECT_VERSION = 1;
				DEVELOPMENT_TEAM = 8J7X8FNBGH;
				GENERATE_INFOPLIST_FILE = YES;
				MARKETING_VERSION = 1.0;
				PRODUCT_BUNDLE_IDENTIFIER = kh.com.kosign.newapp.WebViewPracticesUITests;
				PRODUCT_NAME = "$(TARGET_NAME)";
				SWIFT_EMIT_LOC_STRINGS = NO;
				SWIFT_VERSION = 5.0;
				TARGETED_DEVICE_FAMILY = "1,2";
				TEST_TARGET_NAME = WebViewPractices;
			};
			name = Release;
		};
/* End XCBuildConfiguration section */

/* Begin XCConfigurationList section */
		83BFB2812E28968B003E3CD1 /* Build configuration list for PBXProject "WebViewPractices" */ = {
			isa = XCConfigurationList;
			buildConfigurations = (
				83BFB2B22E28968D003E3CD1 /* Debug */,
				83BFB2B32E28968D003E3CD1 /* Release */,
			);
			defaultConfigurationIsVisible = 0;
			defaultConfigurationName = Release;
		};
		83BFB2AF2E28968D003E3CD1 /* Build configuration list for PBXNativeTarget "WebViewPractices" */ = {
			isa = XCConfigurationList;
			buildConfigurations = (
				83BFB2B02E28968D003E3CD1 /* Debug */,
				83BFB2B12E28968D003E3CD1 /* Release */,
			);
			defaultConfigurationIsVisible = 0;
			defaultConfigurationName = Release;
		};
		83BFB2B42E28968D003E3CD1 /* Build configuration list for PBXNativeTarget "WebViewPracticesTests" */ = {
			isa = XCConfigurationList;
			buildConfigurations = (
				83BFB2B52E28968D003E3CD1 /* Debug */,
				83BFB2B62E28968D003E3CD1 /* Release */,
			);
			defaultConfigurationIsVisible = 0;
			defaultConfigurationName = Release;
		};
		83BFB2B72E28968D003E3CD1 /* Build configuration list for PBXNativeTarget "WebViewPracticesUITests" */ = {
			isa = XCConfigurationList;
			buildConfigurations = (
				83BFB2B82E28968D003E3CD1 /* Debug */,
				83BFB2B92E28968D003E3CD1 /* Release */,
			);
			defaultConfigurationIsVisible = 0;
			defaultConfigurationName = Release;
		};
/* End XCConfigurationList section */
	};
	rootObject = 83BFB27E2E28968B003E3CD1 /* Project object */;
}
